// !$*UTF8*$!
{
	archiveVersion = 1;
	classes = {
	};
	objectVersion = 50;
	objects = {

/* Begin PBXBuildFile section */
		C6BA9AAA23C52ED5001CC1B6 /* AppDelegate.swift in Sources */ = {isa = PBXBuildFile; fileRef = C6BA9AA923C52ED5001CC1B6 /* AppDelegate.swift */; };
		C6BA9AAC23C52ED5001CC1B6 /* SceneDelegate.swift in Sources */ = {isa = PBXBuildFile; fileRef = C6BA9AAB23C52ED5001CC1B6 /* SceneDelegate.swift */; };
		C6BA9AAE23C52ED5001CC1B6 /* ViewController.swift in Sources */ = {isa = PBXBuildFile; fileRef = C6BA9AAD23C52ED5001CC1B6 /* ViewController.swift */; };
		C6BA9AB123C52ED5001CC1B6 /* Main.storyboard in Resources */ = {isa = PBXBuildFile; fileRef = C6BA9AAF23C52ED5001CC1B6 /* Main.storyboard */; };
		C6BA9AB323C52ED7001CC1B6 /* Assets.xcassets in Resources */ = {isa = PBXBuildFile; fileRef = C6BA9AB223C52ED7001CC1B6 /* Assets.xcassets */; };
		C6BA9AB623C52ED7001CC1B6 /* LaunchScreen.storyboard in Resources */ = {isa = PBXBuildFile; fileRef = C6BA9AB423C52ED7001CC1B6 /* LaunchScreen.storyboard */; };
		C6BA9AC123C52ED7001CC1B6 /* FlickerSearchAppTests.swift in Sources */ = {isa = PBXBuildFile; fileRef = C6BA9AC023C52ED7001CC1B6 /* FlickerSearchAppTests.swift */; };
		C6BA9AD323C52FDD001CC1B6 /* Secrets.swift in Sources */ = {isa = PBXBuildFile; fileRef = C6BA9AD223C52FDD001CC1B6 /* Secrets.swift */; };
		C6BA9AD623C530D3001CC1B6 /* Flicker.swift in Sources */ = {isa = PBXBuildFile; fileRef = C6BA9AD523C530D3001CC1B6 /* Flicker.swift */; };
		C6BA9AD923C53179001CC1B6 /* NetworkHelper.swift in Sources */ = {isa = PBXBuildFile; fileRef = C6BA9AD823C53179001CC1B6 /* NetworkHelper.swift */; };
		C6BA9ADB23C531AA001CC1B6 /* AppError.swift in Sources */ = {isa = PBXBuildFile; fileRef = C6BA9ADA23C531AA001CC1B6 /* AppError.swift */; };
		C6BA9ADD23C531C9001CC1B6 /* PhotoAPIClient.swift in Sources */ = {isa = PBXBuildFile; fileRef = C6BA9ADC23C531C9001CC1B6 /* PhotoAPIClient.swift */; };
/* End PBXBuildFile section */

/* Begin PBXContainerItemProxy section */
		C6BA9ABD23C52ED7001CC1B6 /* PBXContainerItemProxy */ = {
			isa = PBXContainerItemProxy;
			containerPortal = C6BA9A9E23C52ED5001CC1B6 /* Project object */;
			proxyType = 1;
			remoteGlobalIDString = C6BA9AA523C52ED5001CC1B6;
			remoteInfo = FlickerSearchApp;
		};
/* End PBXContainerItemProxy section */

/* Begin PBXFileReference section */
		C6BA9AA623C52ED5001CC1B6 /* FlickerSearchApp.app */ = {isa = PBXFileReference; explicitFileType = wrapper.application; includeInIndex = 0; path = FlickerSearchApp.app; sourceTree = BUILT_PRODUCTS_DIR; };
		C6BA9AA923C52ED5001CC1B6 /* AppDelegate.swift */ = {isa = PBXFileReference; lastKnownFileType = sourcecode.swift; path = AppDelegate.swift; sourceTree = "<group>"; };
		C6BA9AAB23C52ED5001CC1B6 /* SceneDelegate.swift */ = {isa = PBXFileReference; lastKnownFileType = sourcecode.swift; path = SceneDelegate.swift; sourceTree = "<group>"; };
		C6BA9AAD23C52ED5001CC1B6 /* ViewController.swift */ = {isa = PBXFileReference; lastKnownFileType = sourcecode.swift; path = ViewController.swift; sourceTree = "<group>"; };
		C6BA9AB023C52ED5001CC1B6 /* Base */ = {isa = PBXFileReference; lastKnownFileType = file.storyboard; name = Base; path = Base.lproj/Main.storyboard; sourceTree = "<group>"; };
		C6BA9AB223C52ED7001CC1B6 /* Assets.xcassets */ = {isa = PBXFileReference; lastKnownFileType = folder.assetcatalog; path = Assets.xcassets; sourceTree = "<group>"; };
		C6BA9AB523C52ED7001CC1B6 /* Base */ = {isa = PBXFileReference; lastKnownFileType = file.storyboard; name = Base; path = Base.lproj/LaunchScreen.storyboard; sourceTree = "<group>"; };
		C6BA9AB723C52ED7001CC1B6 /* Info.plist */ = {isa = PBXFileReference; lastKnownFileType = text.plist.xml; path = Info.plist; sourceTree = "<group>"; };
		C6BA9ABC23C52ED7001CC1B6 /* FlickerSearchAppTests.xctest */ = {isa = PBXFileReference; explicitFileType = wrapper.cfbundle; includeInIndex = 0; path = FlickerSearchAppTests.xctest; sourceTree = BUILT_PRODUCTS_DIR; };
		C6BA9AC023C52ED7001CC1B6 /* FlickerSearchAppTests.swift */ = {isa = PBXFileReference; lastKnownFileType = sourcecode.swift; path = FlickerSearchAppTests.swift; sourceTree = "<group>"; };
		C6BA9AC223C52ED7001CC1B6 /* Info.plist */ = {isa = PBXFileReference; lastKnownFileType = text.plist.xml; path = Info.plist; sourceTree = "<group>"; };
		C6BA9AD223C52FDD001CC1B6 /* Secrets.swift */ = {isa = PBXFileReference; lastKnownFileType = sourcecode.swift; path = Secrets.swift; sourceTree = "<group>"; };
		C6BA9AD523C530D3001CC1B6 /* Flicker.swift */ = {isa = PBXFileReference; lastKnownFileType = sourcecode.swift; path = Flicker.swift; sourceTree = "<group>"; };
		C6BA9AD823C53179001CC1B6 /* NetworkHelper.swift */ = {isa = PBXFileReference; lastKnownFileType = sourcecode.swift; path = NetworkHelper.swift; sourceTree = "<group>"; };
		C6BA9ADA23C531AA001CC1B6 /* AppError.swift */ = {isa = PBXFileReference; lastKnownFileType = sourcecode.swift; path = AppError.swift; sourceTree = "<group>"; };
		C6BA9ADC23C531C9001CC1B6 /* PhotoAPIClient.swift */ = {isa = PBXFileReference; lastKnownFileType = sourcecode.swift; path = PhotoAPIClient.swift; sourceTree = "<group>"; };
/* End PBXFileReference section */

/* Begin PBXFrameworksBuildPhase section */
		C6BA9AA323C52ED5001CC1B6 /* Frameworks */ = {
			isa = PBXFrameworksBuildPhase;
			buildActionMask = 2147483647;
			files = (
			);
			runOnlyForDeploymentPostprocessing = 0;
		};
		C6BA9AB923C52ED7001CC1B6 /* Frameworks */ = {
			isa = PBXFrameworksBuildPhase;
			buildActionMask = 2147483647;
			files = (
			);
			runOnlyForDeploymentPostprocessing = 0;
		};
/* End PBXFrameworksBuildPhase section */

/* Begin PBXGroup section */
		C6BA9A9D23C52ED5001CC1B6 = {
			isa = PBXGroup;
			children = (
				C6BA9AA823C52ED5001CC1B6 /* FlickerSearchApp */,
				C6BA9ABF23C52ED7001CC1B6 /* FlickerSearchAppTests */,
				C6BA9AA723C52ED5001CC1B6 /* Products */,
			);
			sourceTree = "<group>";
		};
		C6BA9AA723C52ED5001CC1B6 /* Products */ = {
			isa = PBXGroup;
			children = (
				C6BA9AA623C52ED5001CC1B6 /* FlickerSearchApp.app */,
				C6BA9ABC23C52ED7001CC1B6 /* FlickerSearchAppTests.xctest */,
			);
			name = Products;
			sourceTree = "<group>";
		};
		C6BA9AA823C52ED5001CC1B6 /* FlickerSearchApp */ = {
			isa = PBXGroup;
			children = (
				C6BA9AA923C52ED5001CC1B6 /* AppDelegate.swift */,
				C6BA9AAB23C52ED5001CC1B6 /* SceneDelegate.swift */,
				C6BA9AD723C53150001CC1B6 /* NetworkServices + Ext */,
				C6BA9AD123C52FB9001CC1B6 /* Secrets */,
				C6BA9AD423C5307F001CC1B6 /* Model */,
				C6BA9AAF23C52ED5001CC1B6 /* Main.storyboard */,
				C6BA9AAD23C52ED5001CC1B6 /* ViewController.swift */,
				C6BA9AB223C52ED7001CC1B6 /* Assets.xcassets */,
				C6BA9AB423C52ED7001CC1B6 /* LaunchScreen.storyboard */,
				C6BA9AB723C52ED7001CC1B6 /* Info.plist */,
			);
			path = FlickerSearchApp;
			sourceTree = "<group>";
		};
		C6BA9ABF23C52ED7001CC1B6 /* FlickerSearchAppTests */ = {
			isa = PBXGroup;
			children = (
				C6BA9AC023C52ED7001CC1B6 /* FlickerSearchAppTests.swift */,
				C6BA9AC223C52ED7001CC1B6 /* Info.plist */,
			);
			path = FlickerSearchAppTests;
			sourceTree = "<group>";
		};
		C6BA9AD123C52FB9001CC1B6 /* Secrets */ = {
			isa = PBXGroup;
			children = (
				C6BA9AD223C52FDD001CC1B6 /* Secrets.swift */,
			);
			path = Secrets;
			sourceTree = "<group>";
		};
		C6BA9AD423C5307F001CC1B6 /* Model */ = {
			isa = PBXGroup;
			children = (
				C6BA9AD523C530D3001CC1B6 /* Flicker.swift */,
			);
			path = Model;
			sourceTree = "<group>";
		};
		C6BA9AD723C53150001CC1B6 /* NetworkServices + Ext */ = {
			isa = PBXGroup;
			children = (
				C6BA9AD823C53179001CC1B6 /* NetworkHelper.swift */,
				C6BA9ADA23C531AA001CC1B6 /* AppError.swift */,
				C6BA9ADC23C531C9001CC1B6 /* PhotoAPIClient.swift */,
			);
			path = "NetworkServices + Ext";
			sourceTree = "<group>";
		};
/* End PBXGroup section */

/* Begin PBXNativeTarget section */
		C6BA9AA523C52ED5001CC1B6 /* FlickerSearchApp */ = {
			isa = PBXNativeTarget;
			buildConfigurationList = C6BA9AC523C52ED7001CC1B6 /* Build configuration list for PBXNativeTarget "FlickerSearchApp" */;
			buildPhases = (
				C6BA9AA223C52ED5001CC1B6 /* Sources */,
				C6BA9AA323C52ED5001CC1B6 /* Frameworks */,
				C6BA9AA423C52ED5001CC1B6 /* Resources */,
			);
			buildRules = (
			);
			dependencies = (
			);
			name = FlickerSearchApp;
			productName = FlickerSearchApp;
			productReference = C6BA9AA623C52ED5001CC1B6 /* FlickerSearchApp.app */;
			productType = "com.apple.product-type.application";
		};
		C6BA9ABB23C52ED7001CC1B6 /* FlickerSearchAppTests */ = {
			isa = PBXNativeTarget;
			buildConfigurationList = C6BA9AC823C52ED7001CC1B6 /* Build configuration list for PBXNativeTarget "FlickerSearchAppTests" */;
			buildPhases = (
				C6BA9AB823C52ED7001CC1B6 /* Sources */,
				C6BA9AB923C52ED7001CC1B6 /* Frameworks */,
				C6BA9ABA23C52ED7001CC1B6 /* Resources */,
			);
			buildRules = (
			);
			dependencies = (
				C6BA9ABE23C52ED7001CC1B6 /* PBXTargetDependency */,
			);
			name = FlickerSearchAppTests;
			productName = FlickerSearchAppTests;
			productReference = C6BA9ABC23C52ED7001CC1B6 /* FlickerSearchAppTests.xctest */;
			productType = "com.apple.product-type.bundle.unit-test";
		};
/* End PBXNativeTarget section */

/* Begin PBXProject section */
		C6BA9A9E23C52ED5001CC1B6 /* Project object */ = {
			isa = PBXProject;
			attributes = {
				LastSwiftUpdateCheck = 1130;
				LastUpgradeCheck = 1130;
				ORGANIZATIONNAME = "casandra grullon";
				TargetAttributes = {
					C6BA9AA523C52ED5001CC1B6 = {
						CreatedOnToolsVersion = 11.3;
					};
					C6BA9ABB23C52ED7001CC1B6 = {
						CreatedOnToolsVersion = 11.3;
						TestTargetID = C6BA9AA523C52ED5001CC1B6;
					};
				};
			};
			buildConfigurationList = C6BA9AA123C52ED5001CC1B6 /* Build configuration list for PBXProject "FlickerSearchApp" */;
			compatibilityVersion = "Xcode 9.3";
			developmentRegion = en;
			hasScannedForEncodings = 0;
			knownRegions = (
				en,
				Base,
			);
			mainGroup = C6BA9A9D23C52ED5001CC1B6;
			productRefGroup = C6BA9AA723C52ED5001CC1B6 /* Products */;
			projectDirPath = "";
			projectRoot = "";
			targets = (
				C6BA9AA523C52ED5001CC1B6 /* FlickerSearchApp */,
				C6BA9ABB23C52ED7001CC1B6 /* FlickerSearchAppTests */,
			);
		};
/* End PBXProject section */

/* Begin PBXResourcesBuildPhase section */
		C6BA9AA423C52ED5001CC1B6 /* Resources */ = {
			isa = PBXResourcesBuildPhase;
			buildActionMask = 2147483647;
			files = (
				C6BA9AB623C52ED7001CC1B6 /* LaunchScreen.storyboard in Resources */,
				C6BA9AB323C52ED7001CC1B6 /* Assets.xcassets in Resources */,
				C6BA9AB123C52ED5001CC1B6 /* Main.storyboard in Resources */,
			);
			runOnlyForDeploymentPostprocessing = 0;
		};
		C6BA9ABA23C52ED7001CC1B6 /* Resources */ = {
			isa = PBXResourcesBuildPhase;
			buildActionMask = 2147483647;
			files = (
			);
			runOnlyForDeploymentPostprocessing = 0;
		};
/* End PBXResourcesBuildPhase section */

/* Begin PBXSourcesBuildPhase section */
		C6BA9AA223C52ED5001CC1B6 /* Sources */ = {
			isa = PBXSourcesBuildPhase;
			buildActionMask = 2147483647;
			files = (
				C6BA9AAE23C52ED5001CC1B6 /* ViewController.swift in Sources */,
				C6BA9AD323C52FDD001CC1B6 /* Secrets.swift in Sources */,
				C6BA9ADD23C531C9001CC1B6 /* PhotoAPIClient.swift in Sources */,
				C6BA9AAA23C52ED5001CC1B6 /* AppDelegate.swift in Sources */,
				C6BA9AD623C530D3001CC1B6 /* Flicker.swift in Sources */,
				C6BA9AD923C53179001CC1B6 /* NetworkHelper.swift in Sources */,
				C6BA9AAC23C52ED5001CC1B6 /* SceneDelegate.swift in Sources */,
				C6BA9ADB23C531AA001CC1B6 /* AppError.swift in Sources */,
			);
			runOnlyForDeploymentPostprocessing = 0;
		};
		C6BA9AB823C52ED7001CC1B6 /* Sources */ = {
			isa = PBXSourcesBuildPhase;
			buildActionMask = 2147483647;
			files = (
				C6BA9AC123C52ED7001CC1B6 /* FlickerSearchAppTests.swift in Sources */,
			);
			runOnlyForDeploymentPostprocessing = 0;
		};
/* End PBXSourcesBuildPhase section */

/* Begin PBXTargetDependency section */
		C6BA9ABE23C52ED7001CC1B6 /* PBXTargetDependency */ = {
			isa = PBXTargetDependency;
			target = C6BA9AA523C52ED5001CC1B6 /* FlickerSearchApp */;
			targetProxy = C6BA9ABD23C52ED7001CC1B6 /* PBXContainerItemProxy */;
		};
/* End PBXTargetDependency section */

/* Begin PBXVariantGroup section */
		C6BA9AAF23C52ED5001CC1B6 /* Main.storyboard */ = {
			isa = PBXVariantGroup;
			children = (
				C6BA9AB023C52ED5001CC1B6 /* Base */,
			);
			name = Main.storyboard;
			sourceTree = "<group>";
		};
		C6BA9AB423C52ED7001CC1B6 /* LaunchScreen.storyboard */ = {
			isa = PBXVariantGroup;
			children = (
				C6BA9AB523C52ED7001CC1B6 /* Base */,
			);
			name = LaunchScreen.storyboard;
			sourceTree = "<group>";
		};
/* End PBXVariantGroup section */

/* Begin XCBuildConfiguration section */
		C6BA9AC323C52ED7001CC1B6 /* Debug */ = {
			isa = XCBuildConfiguration;
			buildSettings = {
				ALWAYS_SEARCH_USER_PATHS = NO;
				CLANG_ANALYZER_NONNULL = YES;
				CLANG_ANALYZER_NUMBER_OBJECT_CONVERSION = YES_AGGRESSIVE;
				CLANG_CXX_LANGUAGE_STANDARD = "gnu++14";
				CLANG_CXX_LIBRARY = "libc++";
				CLANG_ENABLE_MODULES = YES;
				CLANG_ENABLE_OBJC_ARC = YES;
				CLANG_ENABLE_OBJC_WEAK = YES;
				CLANG_WARN_BLOCK_CAPTURE_AUTORELEASING = YES;
				CLANG_WARN_BOOL_CONVERSION = YES;
				CLANG_WARN_COMMA = YES;
				CLANG_WARN_CONSTANT_CONVERSION = YES;
				CLANG_WARN_DEPRECATED_OBJC_IMPLEMENTATIONS = YES;
				CLANG_WARN_DIRECT_OBJC_ISA_USAGE = YES_ERROR;
				CLANG_WARN_DOCUMENTATION_COMMENTS = YES;
				CLANG_WARN_EMPTY_BODY = YES;
				CLANG_WARN_ENUM_CONVERSION = YES;
				CLANG_WARN_INFINITE_RECURSION = YES;
				CLANG_WARN_INT_CONVERSION = YES;
				CLANG_WARN_NON_LITERAL_NULL_CONVERSION = YES;
				CLANG_WARN_OBJC_IMPLICIT_RETAIN_SELF = YES;
				CLANG_WARN_OBJC_LITERAL_CONVERSION = YES;
				CLANG_WARN_OBJC_ROOT_CLASS = YES_ERROR;
				CLANG_WARN_RANGE_LOOP_ANALYSIS = YES;
				CLANG_WARN_STRICT_PROTOTYPES = YES;
				CLANG_WARN_SUSPICIOUS_MOVE = YES;
				CLANG_WARN_UNGUARDED_AVAILABILITY = YES_AGGRESSIVE;
				CLANG_WARN_UNREACHABLE_CODE = YES;
				CLANG_WARN__DUPLICATE_METHOD_MATCH = YES;
				COPY_PHASE_STRIP = NO;
				DEBUG_INFORMATION_FORMAT = dwarf;
				ENABLE_STRICT_OBJC_MSGSEND = YES;
				ENABLE_TESTABILITY = YES;
				GCC_C_LANGUAGE_STANDARD = gnu11;
				GCC_DYNAMIC_NO_PIC = NO;
				GCC_NO_COMMON_BLOCKS = YES;
				GCC_OPTIMIZATION_LEVEL = 0;
				GCC_PREPROCESSOR_DEFINITIONS = (
					"DEBUG=1",
					"$(inherited)",
				);
				GCC_WARN_64_TO_32_BIT_CONVERSION = YES;
				GCC_WARN_ABOUT_RETURN_TYPE = YES_ERROR;
				GCC_WARN_UNDECLARED_SELECTOR = YES;
				GCC_WARN_UNINITIALIZED_AUTOS = YES_AGGRESSIVE;
				GCC_WARN_UNUSED_FUNCTION = YES;
				GCC_WARN_UNUSED_VARIABLE = YES;
				IPHONEOS_DEPLOYMENT_TARGET = 13.2;
				MTL_ENABLE_DEBUG_INFO = INCLUDE_SOURCE;
				MTL_FAST_MATH = YES;
				ONLY_ACTIVE_ARCH = YES;
				SDKROOT = iphoneos;
				SWIFT_ACTIVE_COMPILATION_CONDITIONS = DEBUG;
				SWIFT_OPTIMIZATION_LEVEL = "-Onone";
			};
			name = Debug;
		};
		C6BA9AC423C52ED7001CC1B6 /* Release */ = {
			isa = XCBuildConfiguration;
			buildSettings = {
				ALWAYS_SEARCH_USER_PATHS = NO;
				CLANG_ANALYZER_NONNULL = YES;
				CLANG_ANALYZER_NUMBER_OBJECT_CONVERSION = YES_AGGRESSIVE;
				CLANG_CXX_LANGUAGE_STANDARD = "gnu++14";
				CLANG_CXX_LIBRARY = "libc++";
				CLANG_ENABLE_MODULES = YES;
				CLANG_ENABLE_OBJC_ARC = YES;
				CLANG_ENABLE_OBJC_WEAK = YES;
				CLANG_WARN_BLOCK_CAPTURE_AUTORELEASING = YES;
				CLANG_WARN_BOOL_CONVERSION = YES;
				CLANG_WARN_COMMA = YES;
				CLANG_WARN_CONSTANT_CONVERSION = YES;
				CLANG_WARN_DEPRECATED_OBJC_IMPLEMENTATIONS = YES;
				CLANG_WARN_DIRECT_OBJC_ISA_USAGE = YES_ERROR;
				CLANG_WARN_DOCUMENTATION_COMMENTS = YES;
				CLANG_WARN_EMPTY_BODY = YES;
				CLANG_WARN_ENUM_CONVERSION = YES;
				CLANG_WARN_INFINITE_RECURSION = YES;
				CLANG_WARN_INT_CONVERSION = YES;
				CLANG_WARN_NON_LITERAL_NULL_CONVERSION = YES;
				CLANG_WARN_OBJC_IMPLICIT_RETAIN_SELF = YES;
				CLANG_WARN_OBJC_LITERAL_CONVERSION = YES;
				CLANG_WARN_OBJC_ROOT_CLASS = YES_ERROR;
				CLANG_WARN_RANGE_LOOP_ANALYSIS = YES;
				CLANG_WARN_STRICT_PROTOTYPES = YES;
				CLANG_WARN_SUSPICIOUS_MOVE = YES;
				CLANG_WARN_UNGUARDED_AVAILABILITY = YES_AGGRESSIVE;
				CLANG_WARN_UNREACHABLE_CODE = YES;
				CLANG_WARN__DUPLICATE_METHOD_MATCH = YES;
				COPY_PHASE_STRIP = NO;
				DEBUG_INFORMATION_FORMAT = "dwarf-with-dsym";
				ENABLE_NS_ASSERTIONS = NO;
				ENABLE_STRICT_OBJC_MSGSEND = YES;
				GCC_C_LANGUAGE_STANDARD = gnu11;
				GCC_NO_COMMON_BLOCKS = YES;
				GCC_WARN_64_TO_32_BIT_CONVERSION = YES;
				GCC_WARN_ABOUT_RETURN_TYPE = YES_ERROR;
				GCC_WARN_UNDECLARED_SELECTOR = YES;
				GCC_WARN_UNINITIALIZED_AUTOS = YES_AGGRESSIVE;
				GCC_WARN_UNUSED_FUNCTION = YES;
				GCC_WARN_UNUSED_VARIABLE = YES;
				IPHONEOS_DEPLOYMENT_TARGET = 13.2;
				MTL_ENABLE_DEBUG_INFO = NO;
				MTL_FAST_MATH = YES;
				SDKROOT = iphoneos;
				SWIFT_COMPILATION_MODE = wholemodule;
				SWIFT_OPTIMIZATION_LEVEL = "-O";
				VALIDATE_PRODUCT = YES;
			};
			name = Release;
		};
		C6BA9AC623C52ED7001CC1B6 /* Debug */ = {
			isa = XCBuildConfiguration;
			buildSettings = {
				ASSETCATALOG_COMPILER_APPICON_NAME = AppIcon;
				CODE_SIGN_STYLE = Automatic;
				DEVELOPMENT_TEAM = JRUP55ZMLQ;
				INFOPLIST_FILE = FlickerSearchApp/Info.plist;
				LD_RUNPATH_SEARCH_PATHS = (
					"$(inherited)",
					"@executable_path/Frameworks",
				);
				PRODUCT_BUNDLE_IDENTIFIER = com.casandragrullon.FlickerSearchApp;
				PRODUCT_NAME = "$(TARGET_NAME)";
				SWIFT_VERSION = 5.0;
				TARGETED_DEVICE_FAMILY = "1,2";
			};
			name = Debug;
		};
		C6BA9AC723C52ED7001CC1B6 /* Release */ = {
			isa = XCBuildConfiguration;
			buildSettings = {
				ASSETCATALOG_COMPILER_APPICON_NAME = AppIcon;
				CODE_SIGN_STYLE = Automatic;
				DEVELOPMENT_TEAM = JRUP55ZMLQ;
				INFOPLIST_FILE = FlickerSearchApp/Info.plist;
				LD_RUNPATH_SEARCH_PATHS = (
					"$(inherited)",
					"@executable_path/Frameworks",
				);
				PRODUCT_BUNDLE_IDENTIFIER = com.casandragrullon.FlickerSearchApp;
				PRODUCT_NAME = "$(TARGET_NAME)";
				SWIFT_VERSION = 5.0;
				TARGETED_DEVICE_FAMILY = "1,2";
			};
			name = Release;
		};
		C6BA9AC923C52ED7001CC1B6 /* Debug */ = {
			isa = XCBuildConfiguration;
			buildSettings = {
				ALWAYS_EMBED_SWIFT_STANDARD_LIBRARIES = YES;
				BUNDLE_LOADER = "$(TEST_HOST)";
				CODE_SIGN_STYLE = Automatic;
				DEVELOPMENT_TEAM = JRUP55ZMLQ;
				INFOPLIST_FILE = FlickerSearchAppTests/Info.plist;
				IPHONEOS_DEPLOYMENT_TARGET = 13.2;
				LD_RUNPATH_SEARCH_PATHS = (
					"$(inherited)",
					"@executable_path/Frameworks",
					"@loader_path/Frameworks",
				);
				PRODUCT_BUNDLE_IDENTIFIER = com.casandragrullon.FlickerSearchAppTests;
				PRODUCT_NAME = "$(TARGET_NAME)";
				SWIFT_VERSION = 5.0;
				TARGETED_DEVICE_FAMILY = "1,2";
				TEST_HOST = "$(BUILT_PRODUCTS_DIR)/FlickerSearchApp.app/FlickerSearchApp";
			};
			name = Debug;
		};
		C6BA9ACA23C52ED7001CC1B6 /* Release */ = {
			isa = XCBuildConfiguration;
			buildSettings = {
				ALWAYS_EMBED_SWIFT_STANDARD_LIBRARIES = YES;
				BUNDLE_LOADER = "$(TEST_HOST)";
				CODE_SIGN_STYLE = Automatic;
				DEVELOPMENT_TEAM = JRUP55ZMLQ;
				INFOPLIST_FILE = FlickerSearchAppTests/Info.plist;
				IPHONEOS_DEPLOYMENT_TARGET = 13.2;
				LD_RUNPATH_SEARCH_PATHS = (
					"$(inherited)",
					"@executable_path/Frameworks",
					"@loader_path/Frameworks",
				);
				PRODUCT_BUNDLE_IDENTIFIER = com.casandragrullon.FlickerSearchAppTests;
				PRODUCT_NAME = "$(TARGET_NAME)";
				SWIFT_VERSION = 5.0;
				TARGETED_DEVICE_FAMILY = "1,2";
				TEST_HOST = "$(BUILT_PRODUCTS_DIR)/FlickerSearchApp.app/FlickerSearchApp";
			};
			name = Release;
		};
/* End XCBuildConfiguration section */

/* Begin XCConfigurationList section */
		C6BA9AA123C52ED5001CC1B6 /* Build configuration list for PBXProject "FlickerSearchApp" */ = {
			isa = XCConfigurationList;
			buildConfigurations = (
				C6BA9AC323C52ED7001CC1B6 /* Debug */,
				C6BA9AC423C52ED7001CC1B6 /* Release */,
			);
			defaultConfigurationIsVisible = 0;
			defaultConfigurationName = Release;
		};
		C6BA9AC523C52ED7001CC1B6 /* Build configuration list for PBXNativeTarget "FlickerSearchApp" */ = {
			isa = XCConfigurationList;
			buildConfigurations = (
				C6BA9AC623C52ED7001CC1B6 /* Debug */,
				C6BA9AC723C52ED7001CC1B6 /* Release */,
			);
			defaultConfigurationIsVisible = 0;
			defaultConfigurationName = Release;
		};
		C6BA9AC823C52ED7001CC1B6 /* Build configuration list for PBXNativeTarget "FlickerSearchAppTests" */ = {
			isa = XCConfigurationList;
			buildConfigurations = (
				C6BA9AC923C52ED7001CC1B6 /* Debug */,
				C6BA9ACA23C52ED7001CC1B6 /* Release */,
			);
			defaultConfigurationIsVisible = 0;
			defaultConfigurationName = Release;
		};
/* End XCConfigurationList section */
	};
	rootObject = C6BA9A9E23C52ED5001CC1B6 /* Project object */;
}
